<?xml version="1.0" encoding="utf-8"?>
<Project ToolsVersion="4.0" xmlns="http://schemas.microsoft.com/developer/msbuild/2003">
  <ItemGroup>
    <Filter Include="include">
      <UniqueIdentifier>{c0a99211-652b-4ccd-9265-22c82c50d265}</UniqueIdentifier>
    </Filter>
    <Filter Include="include\GLFW">
      <UniqueIdentifier>{d649a8b4-36eb-474b-b338-288d69bd4e46}</UniqueIdentifier>
    </Filter>
    <Filter Include="src">
      <UniqueIdentifier>{f33537e8-fd9a-4f7a-b011-643cc859e3d9}</UniqueIdentifier>
    </Filter>
  </ItemGroup>
  <ItemGroup>
    <ClInclude Include="..\..\Source\Dependencies\glfw\include\GLFW\glfw3.h">
      <Filter>include\GLFW</Filter>
    </ClInclude>
    <ClInclude Include="..\..\Source\Dependencies\glfw\include\GLFW\glfw3native.h">
      <Filter>include\GLFW</Filter>
    </ClInclude>
    <ClInclude Include="..\..\Source\Dependencies\glfw\src\internal.h">
      <Filter>src</Filter>
    </ClInclude>
    <ClInclude Include="..\..\Source\Dependencies\glfw\src\nsgl_platform.h">
      <Filter>src</Filter>
    </ClInclude>
    <ClInclude Include="..\..\Source\Dependencies\glfw\src\wgl_platform.h">
      <Filter>src</Filter>
    </ClInclude>
    <ClInclude Include="..\..\Source\Dependencies\glfw\src\win32_platform.h">
      <Filter>src</Filter>
    </ClInclude>
  </ItemGroup>
  <ItemGroup>
    <ClCompile Include="..\..\Source\Dependencies\glfw\src\context.c">
      <Filter>src</Filter>
    </ClCompile>
    <ClCompile Include="..\..\Source\Dependencies\glfw\src\gamma.c">
      <Filter>src</Filter>
    </ClCompile>
    <ClCompile Include="..\..\Source\Dependencies\glfw\src\init.c">
      <Filter>src</Filter>
    </ClCompile>
    <ClCompile Include="..\..\Source\Dependencies\glfw\src\input.c">
      <Filter>src</Filter>
    </ClCompile>
    <ClCompile Include="..\..\Source\Dependencies\glfw\src\joystick.c">
      <Filter>src</Filter>
    </ClCompile>
    <ClCompile Include="..\..\Source\Dependencies\glfw\src\monitor.c">
      <Filter>src</Filter>
    </ClCompile>
    <ClCompile Include="..\..\Source\Dependencies\glfw\src\time.c">
      <Filter>src</Filter>
    </ClCompile>
    <ClCompile Include="..\..\Source\Dependencies\glfw\src\wgl_context.c">
      <Filter>src</Filter>
    </ClCompile>
    <ClCompile Include="..\..\Source\Dependencies\glfw\src\win32_clipboard.c">
      <Filter>src</Filter>
    </ClCompile>
    <ClCompile Include="..\..\Source\Dependencies\glfw\src\win32_gamma.c">
      <Filter>src</Filter>
    </ClCompile>
    <ClCompile Include="..\..\Source\Dependencies\glfw\src\win32_init.c">
      <Filter>src</Filter>
    </ClCompile>
    <ClCompile Include="..\..\Source\Dependencies\glfw\src\win32_joystick.c">
      <Filter>src</Filter>
    </ClCompile>
    <ClCompile Include="..\..\Source\Dependencies\glfw\src\win32_monitor.c">
      <Filter>src</Filter>
    </ClCompile>
    <ClCompile Include="..\..\Source\Dependencies\glfw\src\win32_time.c">
      <Filter>src</Filter>
    </ClCompile>
    <ClCompile Include="..\..\Source\Dependencies\glfw\src\win32_window.c">
      <Filter>src</Filter>
    </ClCompile>
    <ClCompile Include="..\..\Source\Dependencies\glfw\src\window_glfw.c">
      <Filter>src</Filter>
    </ClCompile>
    <ClCompile Include="..\..\Source\Dependencies\glfw\src\clipboard_glfw.c">
      <Filter>src</Filter>
    </ClCompile>
  </ItemGroup>
</Project>