<?xml version="1.0" encoding="utf-8"?>
<Project ToolsVersion="4.0" xmlns="http://schemas.microsoft.com/developer/msbuild/2003">
  <ItemGroup>
    <Filter Include="builds">
      <UniqueIdentifier>{840688f2-32b4-4bec-87de-3ab66a3792e2}</UniqueIdentifier>
    </Filter>
    <Filter Include="src">
      <UniqueIdentifier>{d8568302-1bc3-47c1-b6ba-c646e106fbcc}</UniqueIdentifier>
    </Filter>
    <Filter Include="builds\win32">
      <UniqueIdentifier>{9cb6ecd0-15e7-4799-b992-53b2562386cf}</UniqueIdentifier>
    </Filter>
    <Filter Include="src\autofit">
      <UniqueIdentifier>{ff680844-4a0d-4907-9889-2808c64112a9}</UniqueIdentifier>
    </Filter>
    <Filter Include="src\base">
      <UniqueIdentifier>{ea6a41a0-bd62-4c45-8afa-7b77773fa5f6}</UniqueIdentifier>
    </Filter>
    <Filter Include="src\bdf">
      <UniqueIdentifier>{99cb6618-e03c-433e-80c5-3b80ba53a312}</UniqueIdentifier>
    </Filter>
    <Filter Include="src\cache">
      <UniqueIdentifier>{4720adc3-aed7-4e13-889d-1245cb6766c2}</UniqueIdentifier>
    </Filter>
    <Filter Include="src\cff">
      <UniqueIdentifier>{d6c73052-3941-4b0e-9aea-3149e671a82a}</UniqueIdentifier>
    </Filter>
    <Filter Include="src\cid">
      <UniqueIdentifier>{43542529-b1d3-4ded-b6d4-d16a35661295}</UniqueIdentifier>
    </Filter>
    <Filter Include="src\gzip">
      <UniqueIdentifier>{6623efae-0b83-49e1-a124-c82078986fcf}</UniqueIdentifier>
    </Filter>
    <Filter Include="src\lzw">
      <UniqueIdentifier>{19af44e1-73c1-4af3-a84c-b7df8f126b6e}</UniqueIdentifier>
    </Filter>
    <Filter Include="src\pfr">
      <UniqueIdentifier>{a29159ac-fec5-42a4-bbb2-c88096ae510e}</UniqueIdentifier>
    </Filter>
    <Filter Include="src\pcf">
      <UniqueIdentifier>{668cf29b-17e3-4f21-a483-a46c93f3442a}</UniqueIdentifier>
    </Filter>
    <Filter Include="src\psaux">
      <UniqueIdentifier>{d5a7c776-11fd-45c7-8b5c-e733ab1abf71}</UniqueIdentifier>
    </Filter>
    <Filter Include="src\pshinter">
      <UniqueIdentifier>{5ec2cec2-b9f9-4062-b93e-40353837fd0d}</UniqueIdentifier>
    </Filter>
    <Filter Include="src\psnames">
      <UniqueIdentifier>{aba716d3-e7dc-4156-b40a-faf10251cab6}</UniqueIdentifier>
    </Filter>
    <Filter Include="src\sfnt">
      <UniqueIdentifier>{b7fdd599-4f80-436b-8f1a-dd0640c698bf}</UniqueIdentifier>
    </Filter>
    <Filter Include="src\smooth">
      <UniqueIdentifier>{e4e1447e-e524-4d7c-bab5-f1d2be70a70e}</UniqueIdentifier>
    </Filter>
    <Filter Include="src\truetype">
      <UniqueIdentifier>{f4d563ac-70ab-4336-9812-174f86a15d95}</UniqueIdentifier>
    </Filter>
    <Filter Include="src\type1">
      <UniqueIdentifier>{b3331d0d-3923-4eef-aedd-d85a43bc98ce}</UniqueIdentifier>
    </Filter>
    <Filter Include="src\type42">
      <UniqueIdentifier>{f682295b-0bd8-43ad-88a7-29e7ebe51316}</UniqueIdentifier>
    </Filter>
    <Filter Include="src\winfonts">
      <UniqueIdentifier>{e1430e81-1bf5-452b-9d3c-8d8d8efde8fc}</UniqueIdentifier>
    </Filter>
    <Filter Include="src\psnames\raster">
      <UniqueIdentifier>{4c380d95-f63a-4956-9e18-937b2e90c856}</UniqueIdentifier>
    </Filter>
  </ItemGroup>
  <ItemGroup>
    <ClCompile Include="..\..\Source\Dependencies\freetype\builds\win32\ftdebug.c">
      <Filter>builds\win32</Filter>
    </ClCompile>
    <ClCompile Include="..\..\Source\Dependencies\freetype\src\autofit\autofit.c">
      <Filter>src\autofit</Filter>
    </ClCompile>
    <ClCompile Include="..\..\Source\Dependencies\freetype\src\base\ftxf86.c">
      <Filter>src\base</Filter>
    </ClCompile>
    <ClCompile Include="..\..\Source\Dependencies\freetype\src\base\ftbase.c">
      <Filter>src\base</Filter>
    </ClCompile>
    <ClCompile Include="..\..\Source\Dependencies\freetype\src\base\ftbbox.c">
      <Filter>src\base</Filter>
    </ClCompile>
    <ClCompile Include="..\..\Source\Dependencies\freetype\src\base\ftbitmap.c">
      <Filter>src\base</Filter>
    </ClCompile>
    <ClCompile Include="..\..\Source\Dependencies\freetype\src\base\ftfstype.c">
      <Filter>src\base</Filter>
    </ClCompile>
    <ClCompile Include="..\..\Source\Dependencies\freetype\src\base\ftgasp.c">
      <Filter>src\base</Filter>
    </ClCompile>
    <ClCompile Include="..\..\Source\Dependencies\freetype\src\base\ftglyph.c">
      <Filter>src\base</Filter>
    </ClCompile>
    <ClCompile Include="..\..\Source\Dependencies\freetype\src\base\ftgxval.c">
      <Filter>src\base</Filter>
    </ClCompile>
    <ClCompile Include="..\..\Source\Dependencies\freetype\src\base\ftinit.c">
      <Filter>src\base</Filter>
    </ClCompile>
    <ClCompile Include="..\..\Source\Dependencies\freetype\src\base\ftlcdfil.c">
      <Filter>src\base</Filter>
    </ClCompile>
    <ClCompile Include="..\..\Source\Dependencies\freetype\src\base\ftmm.c">
      <Filter>src\base</Filter>
    </ClCompile>
    <ClCompile Include="..\..\Source\Dependencies\freetype\src\base\ftotval.c">
      <Filter>src\base</Filter>
    </ClCompile>
    <ClCompile Include="..\..\Source\Dependencies\freetype\src\base\ftpatent.c">
      <Filter>src\base</Filter>
    </ClCompile>
    <ClCompile Include="..\..\Source\Dependencies\freetype\src\base\ftpfr.c">
      <Filter>src\base</Filter>
    </ClCompile>
    <ClCompile Include="..\..\Source\Dependencies\freetype\src\base\ftstroke.c">
      <Filter>src\base</Filter>
    </ClCompile>
    <ClCompile Include="..\..\Source\Dependencies\freetype\src\base\ftsynth.c">
      <Filter>src\base</Filter>
    </ClCompile>
    <ClCompile Include="..\..\Source\Dependencies\freetype\src\base\ftsystem.c">
      <Filter>src\base</Filter>
    </ClCompile>
    <ClCompile Include="..\..\Source\Dependencies\freetype\src\base\fttype1.c">
      <Filter>src\base</Filter>
    </ClCompile>
    <ClCompile Include="..\..\Source\Dependencies\freetype\src\base\ftwinfnt.c">
      <Filter>src\base</Filter>
    </ClCompile>
    <ClCompile Include="..\..\Source\Dependencies\freetype\src\bdf\bdf.c">
      <Filter>src\bdf</Filter>
    </ClCompile>
    <ClCompile Include="..\..\Source\Dependencies\freetype\src\cache\ftcache.c">
      <Filter>src\cache</Filter>
    </ClCompile>
    <ClCompile Include="..\..\Source\Dependencies\freetype\src\cff\cff.c">
      <Filter>src\cff</Filter>
    </ClCompile>
    <ClCompile Include="..\..\Source\Dependencies\freetype\src\cid\type1cid.c">
      <Filter>src\cid</Filter>
    </ClCompile>
    <ClCompile Include="..\..\Source\Dependencies\freetype\src\gzip\ftgzip.c">
      <Filter>src\gzip</Filter>
    </ClCompile>
    <ClCompile Include="..\..\Source\Dependencies\freetype\src\lzw\ftlzw.c">
      <Filter>src\lzw</Filter>
    </ClCompile>
    <ClCompile Include="..\..\Source\Dependencies\freetype\src\winfonts\winfnt.c">
      <Filter>src\winfonts</Filter>
    </ClCompile>
    <ClCompile Include="..\..\Source\Dependencies\freetype\src\type42\type42.c">
      <Filter>src\type42</Filter>
    </ClCompile>
    <ClCompile Include="..\..\Source\Dependencies\freetype\src\type1\type1.c">
      <Filter>src\type1</Filter>
    </ClCompile>
    <ClCompile Include="..\..\Source\Dependencies\freetype\src\truetype\truetype.c">
      <Filter>src\truetype</Filter>
    </ClCompile>
    <ClCompile Include="..\..\Source\Dependencies\freetype\src\smooth\smooth.c">
      <Filter>src\smooth</Filter>
    </ClCompile>
    <ClCompile Include="..\..\Source\Dependencies\freetype\src\sfnt\sfnt.c">
      <Filter>src\sfnt</Filter>
    </ClCompile>
    <ClCompile Include="..\..\Source\Dependencies\freetype\src\raster\raster.c">
      <Filter>src\psnames\raster</Filter>
    </ClCompile>
    <ClCompile Include="..\..\Source\Dependencies\freetype\src\psnames\psmodule.c">
      <Filter>src\psnames</Filter>
    </ClCompile>
    <ClCompile Include="..\..\Source\Dependencies\freetype\src\pshinter\pshinter.c">
      <Filter>src\pshinter</Filter>
    </ClCompile>
    <ClCompile Include="..\..\Source\Dependencies\freetype\src\psaux\psaux.c">
      <Filter>src\psaux</Filter>
    </ClCompile>
    <ClCompile Include="..\..\Source\Dependencies\freetype\src\pcf\pcf.c">
      <Filter>src\pcf</Filter>
    </ClCompile>
    <ClCompile Include="..\..\Source\Dependencies\freetype\src\pfr\pfr.c">
      <Filter>src\pfr</Filter>
    </ClCompile>
  </ItemGroup>
</Project>