
Microsoft Visual Studio Solution File, Format Version 12.00
# Visual Studio 2013
VisualStudioVersion = 12.0.30501.0
MinimumVisualStudioVersion = 10.0.40219.1
Project("{8BC9CEB8-8B4A-11D0-8D11-00A0C91BC942}") = "Test", "Test\Test.vcxproj", "{20808247-8575-4931-8313-54CEA920A67D}"
	ProjectSection(ProjectDependencies) = postProject
		{B234A15E-DCDD-47F7-A828-78297D772F43} = {B234A15E-DCDD-47F7-A828-78297D772F43}
	EndProjectSection
EndProject
Project("{8BC9CEB8-8B4A-11D0-8D11-00A0C91BC942}") = "Deps.zlib", "Deps.zlib\Deps.zlib.vcxproj", "{EA4F3C88-E2DB-4B94-BF6F-D12E60D42E76}"
EndProject
Project("{8BC9CEB8-8B4A-11D0-8D11-00A0C91BC942}") = "Deps.bullet", "Deps.bullet\Deps.bullet.vcxproj", "{CD592819-0881-45A3-8010-F61C8E6B99F3}"
EndProject
Project("{8BC9CEB8-8B4A-11D0-8D11-00A0C91BC942}") = "Deps.Effekseer", "Deps.Effekseer\Deps.Effekseer.vcxproj", "{3C154071-1A30-4245-AD95-DB6DC6F89023}"
EndProject
Project("{8BC9CEB8-8B4A-11D0-8D11-00A0C91BC942}") = "Deps.freetype", "Deps.freetype\Deps.freetype.vcxproj", "{E4699BF3-DDEA-48CF-95C9-061EC81FAD8E}"
EndProject
Project("{8BC9CEB8-8B4A-11D0-8D11-00A0C91BC942}") = "Deps.libogg", "Deps.libogg\Deps.libogg.vcxproj", "{8B37D274-5F23-4760-A129-CC0460148FE3}"
EndProject
Project("{8BC9CEB8-8B4A-11D0-8D11-00A0C91BC942}") = "Deps.libvorbis", "Deps.libvorbis\Deps.libvorbis.vcxproj", "{455574C1-B1BD-40CA-B8A2-44D5628F7A3F}"
EndProject
Project("{8BC9CEB8-8B4A-11D0-8D11-00A0C91BC942}") = "Deps.libpng", "Deps.libpng\Deps.libpng.vcxproj", "{6B4412EC-C7B1-4E9A-82D5-E845A9A81B7A}"
EndProject
Project("{8BC9CEB8-8B4A-11D0-8D11-00A0C91BC942}") = "Deps.pcre", "Deps.pcre\Deps.pcre.vcxproj", "{11511A91-6E96-4918-88CC-0D8541DF9BCF}"
EndProject
Project("{8BC9CEB8-8B4A-11D0-8D11-00A0C91BC942}") = "Deps.tinyxml2", "Deps.tinyxml2\Deps.tinyxml2.vcxproj", "{635FBF44-9C33-4652-9810-B43D0823647C}"
EndProject
Project("{8BC9CEB8-8B4A-11D0-8D11-00A0C91BC942}") = "Deps.glfw", "Deps.glfw\Deps.glfw.vcxproj", "{862D26ED-C712-4591-A2AE-32A6613391AA}"
EndProject
Project("{8BC9CEB8-8B4A-11D0-8D11-00A0C91BC942}") = "Deps.CEGUI", "Deps.CEGUI\Deps.CEGUI.vcxproj", "{AD521C15-1287-400A-9255-E5F7131EA0B9}"
EndProject
Project("{8BC9CEB8-8B4A-11D0-8D11-00A0C91BC942}") = "Deps.Modules", "Deps.Modules\Deps.Modules.vcxproj", "{924699FC-C719-45DE-8158-A95068755221}"
EndProject
Project("{8BC9CEB8-8B4A-11D0-8D11-00A0C91BC942}") = "LightNote", "LightNote\LightNote.vcxproj", "{B234A15E-DCDD-47F7-A828-78297D772F43}"
	ProjectSection(ProjectDependencies) = postProject
		{AD521C15-1287-400A-9255-E5F7131EA0B9} = {AD521C15-1287-400A-9255-E5F7131EA0B9}
		{CD592819-0881-45A3-8010-F61C8E6B99F3} = {CD592819-0881-45A3-8010-F61C8E6B99F3}
		{635FBF44-9C33-4652-9810-B43D0823647C} = {635FBF44-9C33-4652-9810-B43D0823647C}
		{3C154071-1A30-4245-AD95-DB6DC6F89023} = {3C154071-1A30-4245-AD95-DB6DC6F89023}
		{8B37D274-5F23-4760-A129-CC0460148FE3} = {8B37D274-5F23-4760-A129-CC0460148FE3}
		{EA4F3C88-E2DB-4B94-BF6F-D12E60D42E76} = {EA4F3C88-E2DB-4B94-BF6F-D12E60D42E76}
		{11511A91-6E96-4918-88CC-0D8541DF9BCF} = {11511A91-6E96-4918-88CC-0D8541DF9BCF}
		{455574C1-B1BD-40CA-B8A2-44D5628F7A3F} = {455574C1-B1BD-40CA-B8A2-44D5628F7A3F}
		{6B4412EC-C7B1-4E9A-82D5-E845A9A81B7A} = {6B4412EC-C7B1-4E9A-82D5-E845A9A81B7A}
		{862D26ED-C712-4591-A2AE-32A6613391AA} = {862D26ED-C712-4591-A2AE-32A6613391AA}
		{E4699BF3-DDEA-48CF-95C9-061EC81FAD8E} = {E4699BF3-DDEA-48CF-95C9-061EC81FAD8E}
		{924699FC-C719-45DE-8158-A95068755221} = {924699FC-C719-45DE-8158-A95068755221}
	EndProjectSection
EndProject
Project("{8BC9CEB8-8B4A-11D0-8D11-00A0C91BC942}") = "LightNote.UnitTest", "LightNote.UnitTest\LightNote.UnitTest.vcxproj", "{4FC6F9BD-7B7F-461B-AE85-DB38B10DDC91}"
	ProjectSection(ProjectDependencies) = postProject
		{B234A15E-DCDD-47F7-A828-78297D772F43} = {B234A15E-DCDD-47F7-A828-78297D772F43}
	EndProjectSection
EndProject
Global
	GlobalSection(SolutionConfigurationPlatforms) = preSolution
		Debug.DLL|Win32 = Debug.DLL|Win32
		Debug.Lib|Win32 = Debug.Lib|Win32
		Release.DLL|Win32 = Release.DLL|Win32
		Release.Lib|Win32 = Release.Lib|Win32
	EndGlobalSection
	GlobalSection(ProjectConfigurationPlatforms) = postSolution
		{20808247-8575-4931-8313-54CEA920A67D}.Debug.DLL|Win32.ActiveCfg = Debug|Win32
		{20808247-8575-4931-8313-54CEA920A67D}.Debug.Lib|Win32.ActiveCfg = Debug|Win32
		{20808247-8575-4931-8313-54CEA920A67D}.Debug.Lib|Win32.Build.0 = Debug|Win32
		{20808247-8575-4931-8313-54CEA920A67D}.Release.DLL|Win32.ActiveCfg = Release|Win32
		{20808247-8575-4931-8313-54CEA920A67D}.Release.Lib|Win32.ActiveCfg = Release|Win32
		{20808247-8575-4931-8313-54CEA920A67D}.Release.Lib|Win32.Build.0 = Release|Win32
		{EA4F3C88-E2DB-4B94-BF6F-D12E60D42E76}.Debug.DLL|Win32.ActiveCfg = Debug|Win32
		{EA4F3C88-E2DB-4B94-BF6F-D12E60D42E76}.Debug.DLL|Win32.Build.0 = Debug|Win32
		{EA4F3C88-E2DB-4B94-BF6F-D12E60D42E76}.Debug.Lib|Win32.ActiveCfg = Debug|Win32
		{EA4F3C88-E2DB-4B94-BF6F-D12E60D42E76}.Debug.Lib|Win32.Build.0 = Debug|Win32
		{EA4F3C88-E2DB-4B94-BF6F-D12E60D42E76}.Release.DLL|Win32.ActiveCfg = Release|Win32
		{EA4F3C88-E2DB-4B94-BF6F-D12E60D42E76}.Release.DLL|Win32.Build.0 = Release|Win32
		{EA4F3C88-E2DB-4B94-BF6F-D12E60D42E76}.Release.Lib|Win32.ActiveCfg = Release|Win32
		{EA4F3C88-E2DB-4B94-BF6F-D12E60D42E76}.Release.Lib|Win32.Build.0 = Release|Win32
		{CD592819-0881-45A3-8010-F61C8E6B99F3}.Debug.DLL|Win32.ActiveCfg = Debug|Win32
		{CD592819-0881-45A3-8010-F61C8E6B99F3}.Debug.DLL|Win32.Build.0 = Debug|Win32
		{CD592819-0881-45A3-8010-F61C8E6B99F3}.Debug.Lib|Win32.ActiveCfg = Debug|Win32
		{CD592819-0881-45A3-8010-F61C8E6B99F3}.Debug.Lib|Win32.Build.0 = Debug|Win32
		{CD592819-0881-45A3-8010-F61C8E6B99F3}.Release.DLL|Win32.ActiveCfg = Release|Win32
		{CD592819-0881-45A3-8010-F61C8E6B99F3}.Release.DLL|Win32.Build.0 = Release|Win32
		{CD592819-0881-45A3-8010-F61C8E6B99F3}.Release.Lib|Win32.ActiveCfg = Release|Win32
		{CD592819-0881-45A3-8010-F61C8E6B99F3}.Release.Lib|Win32.Build.0 = Release|Win32
		{3C154071-1A30-4245-AD95-DB6DC6F89023}.Debug.DLL|Win32.ActiveCfg = Debug|Win32
		{3C154071-1A30-4245-AD95-DB6DC6F89023}.Debug.DLL|Win32.Build.0 = Debug|Win32
		{3C154071-1A30-4245-AD95-DB6DC6F89023}.Debug.Lib|Win32.ActiveCfg = Debug|Win32
		{3C154071-1A30-4245-AD95-DB6DC6F89023}.Debug.Lib|Win32.Build.0 = Debug|Win32
		{3C154071-1A30-4245-AD95-DB6DC6F89023}.Release.DLL|Win32.ActiveCfg = Release|Win32
		{3C154071-1A30-4245-AD95-DB6DC6F89023}.Release.DLL|Win32.Build.0 = Release|Win32
		{3C154071-1A30-4245-AD95-DB6DC6F89023}.Release.Lib|Win32.ActiveCfg = Release|Win32
		{3C154071-1A30-4245-AD95-DB6DC6F89023}.Release.Lib|Win32.Build.0 = Release|Win32
		{E4699BF3-DDEA-48CF-95C9-061EC81FAD8E}.Debug.DLL|Win32.ActiveCfg = Debug|Win32
		{E4699BF3-DDEA-48CF-95C9-061EC81FAD8E}.Debug.DLL|Win32.Build.0 = Debug|Win32
		{E4699BF3-DDEA-48CF-95C9-061EC81FAD8E}.Debug.Lib|Win32.ActiveCfg = Debug|Win32
		{E4699BF3-DDEA-48CF-95C9-061EC81FAD8E}.Debug.Lib|Win32.Build.0 = Debug|Win32
		{E4699BF3-DDEA-48CF-95C9-061EC81FAD8E}.Release.DLL|Win32.ActiveCfg = Release|Win32
		{E4699BF3-DDEA-48CF-95C9-061EC81FAD8E}.Release.DLL|Win32.Build.0 = Release|Win32
		{E4699BF3-DDEA-48CF-95C9-061EC81FAD8E}.Release.Lib|Win32.ActiveCfg = Release|Win32
		{E4699BF3-DDEA-48CF-95C9-061EC81FAD8E}.Release.Lib|Win32.Build.0 = Release|Win32
		{8B37D274-5F23-4760-A129-CC0460148FE3}.Debug.DLL|Win32.ActiveCfg = Debug|Win32
		{8B37D274-5F23-4760-A129-CC0460148FE3}.Debug.DLL|Win32.Build.0 = Debug|Win32
		{8B37D274-5F23-4760-A129-CC0460148FE3}.Debug.Lib|Win32.ActiveCfg = Debug|Win32
		{8B37D274-5F23-4760-A129-CC0460148FE3}.Debug.Lib|Win32.Build.0 = Debug|Win32
		{8B37D274-5F23-4760-A129-CC0460148FE3}.Release.DLL|Win32.ActiveCfg = Release|Win32
		{8B37D274-5F23-4760-A129-CC0460148FE3}.Release.DLL|Win32.Build.0 = Release|Win32
		{8B37D274-5F23-4760-A129-CC0460148FE3}.Release.Lib|Win32.ActiveCfg = Release|Win32
		{8B37D274-5F23-4760-A129-CC0460148FE3}.Release.Lib|Win32.Build.0 = Release|Win32
		{455574C1-B1BD-40CA-B8A2-44D5628F7A3F}.Debug.DLL|Win32.ActiveCfg = Debug|Win32
		{455574C1-B1BD-40CA-B8A2-44D5628F7A3F}.Debug.DLL|Win32.Build.0 = Debug|Win32
		{455574C1-B1BD-40CA-B8A2-44D5628F7A3F}.Debug.Lib|Win32.ActiveCfg = Debug|Win32
		{455574C1-B1BD-40CA-B8A2-44D5628F7A3F}.Debug.Lib|Win32.Build.0 = Debug|Win32
		{455574C1-B1BD-40CA-B8A2-44D5628F7A3F}.Release.DLL|Win32.ActiveCfg = Release|Win32
		{455574C1-B1BD-40CA-B8A2-44D5628F7A3F}.Release.DLL|Win32.Build.0 = Release|Win32
		{455574C1-B1BD-40CA-B8A2-44D5628F7A3F}.Release.Lib|Win32.ActiveCfg = Release|Win32
		{455574C1-B1BD-40CA-B8A2-44D5628F7A3F}.Release.Lib|Win32.Build.0 = Release|Win32
		{6B4412EC-C7B1-4E9A-82D5-E845A9A81B7A}.Debug.DLL|Win32.ActiveCfg = Debug|Win32
		{6B4412EC-C7B1-4E9A-82D5-E845A9A81B7A}.Debug.DLL|Win32.Build.0 = Debug|Win32
		{6B4412EC-C7B1-4E9A-82D5-E845A9A81B7A}.Debug.Lib|Win32.ActiveCfg = Debug|Win32
		{6B4412EC-C7B1-4E9A-82D5-E845A9A81B7A}.Debug.Lib|Win32.Build.0 = Debug|Win32
		{6B4412EC-C7B1-4E9A-82D5-E845A9A81B7A}.Release.DLL|Win32.ActiveCfg = Release|Win32
		{6B4412EC-C7B1-4E9A-82D5-E845A9A81B7A}.Release.DLL|Win32.Build.0 = Release|Win32
		{6B4412EC-C7B1-4E9A-82D5-E845A9A81B7A}.Release.Lib|Win32.ActiveCfg = Release|Win32
		{6B4412EC-C7B1-4E9A-82D5-E845A9A81B7A}.Release.Lib|Win32.Build.0 = Release|Win32
		{11511A91-6E96-4918-88CC-0D8541DF9BCF}.Debug.DLL|Win32.ActiveCfg = Debug|Win32
		{11511A91-6E96-4918-88CC-0D8541DF9BCF}.Debug.DLL|Win32.Build.0 = Debug|Win32
		{11511A91-6E96-4918-88CC-0D8541DF9BCF}.Debug.Lib|Win32.ActiveCfg = Debug|Win32
		{11511A91-6E96-4918-88CC-0D8541DF9BCF}.Debug.Lib|Win32.Build.0 = Debug|Win32
		{11511A91-6E96-4918-88CC-0D8541DF9BCF}.Release.DLL|Win32.ActiveCfg = Release|Win32
		{11511A91-6E96-4918-88CC-0D8541DF9BCF}.Release.DLL|Win32.Build.0 = Release|Win32
		{11511A91-6E96-4918-88CC-0D8541DF9BCF}.Release.Lib|Win32.ActiveCfg = Release|Win32
		{11511A91-6E96-4918-88CC-0D8541DF9BCF}.Release.Lib|Win32.Build.0 = Release|Win32
		{635FBF44-9C33-4652-9810-B43D0823647C}.Debug.DLL|Win32.ActiveCfg = Debug|Win32
		{635FBF44-9C33-4652-9810-B43D0823647C}.Debug.DLL|Win32.Build.0 = Debug|Win32
		{635FBF44-9C33-4652-9810-B43D0823647C}.Debug.Lib|Win32.ActiveCfg = Debug|Win32
		{635FBF44-9C33-4652-9810-B43D0823647C}.Debug.Lib|Win32.Build.0 = Debug|Win32
		{635FBF44-9C33-4652-9810-B43D0823647C}.Release.DLL|Win32.ActiveCfg = Release|Win32
		{635FBF44-9C33-4652-9810-B43D0823647C}.Release.DLL|Win32.Build.0 = Release|Win32
		{635FBF44-9C33-4652-9810-B43D0823647C}.Release.Lib|Win32.ActiveCfg = Release|Win32
		{635FBF44-9C33-4652-9810-B43D0823647C}.Release.Lib|Win32.Build.0 = Release|Win32
		{862D26ED-C712-4591-A2AE-32A6613391AA}.Debug.DLL|Win32.ActiveCfg = Debug|Win32
		{862D26ED-C712-4591-A2AE-32A6613391AA}.Debug.DLL|Win32.Build.0 = Debug|Win32
		{862D26ED-C712-4591-A2AE-32A6613391AA}.Debug.Lib|Win32.ActiveCfg = Debug|Win32
		{862D26ED-C712-4591-A2AE-32A6613391AA}.Debug.Lib|Win32.Build.0 = Debug|Win32
		{862D26ED-C712-4591-A2AE-32A6613391AA}.Release.DLL|Win32.ActiveCfg = Release|Win32
		{862D26ED-C712-4591-A2AE-32A6613391AA}.Release.DLL|Win32.Build.0 = Release|Win32
		{862D26ED-C712-4591-A2AE-32A6613391AA}.Release.Lib|Win32.ActiveCfg = Release|Win32
		{862D26ED-C712-4591-A2AE-32A6613391AA}.Release.Lib|Win32.Build.0 = Release|Win32
		{AD521C15-1287-400A-9255-E5F7131EA0B9}.Debug.DLL|Win32.ActiveCfg = Debug|Win32
		{AD521C15-1287-400A-9255-E5F7131EA0B9}.Debug.Lib|Win32.ActiveCfg = Debug|Win32
		{AD521C15-1287-400A-9255-E5F7131EA0B9}.Release.DLL|Win32.ActiveCfg = Release|Win32
		{AD521C15-1287-400A-9255-E5F7131EA0B9}.Release.Lib|Win32.ActiveCfg = Release|Win32
		{924699FC-C719-45DE-8158-A95068755221}.Debug.DLL|Win32.ActiveCfg = Debug|Win32
		{924699FC-C719-45DE-8158-A95068755221}.Debug.DLL|Win32.Build.0 = Debug|Win32
		{924699FC-C719-45DE-8158-A95068755221}.Debug.Lib|Win32.ActiveCfg = Debug|Win32
		{924699FC-C719-45DE-8158-A95068755221}.Debug.Lib|Win32.Build.0 = Debug|Win32
		{924699FC-C719-45DE-8158-A95068755221}.Release.DLL|Win32.ActiveCfg = Release|Win32
		{924699FC-C719-45DE-8158-A95068755221}.Release.DLL|Win32.Build.0 = Release|Win32
		{924699FC-C719-45DE-8158-A95068755221}.Release.Lib|Win32.ActiveCfg = Release|Win32
		{924699FC-C719-45DE-8158-A95068755221}.Release.Lib|Win32.Build.0 = Release|Win32
		{B234A15E-DCDD-47F7-A828-78297D772F43}.Debug.DLL|Win32.ActiveCfg = Debug.DLL|Win32
		{B234A15E-DCDD-47F7-A828-78297D772F43}.Debug.DLL|Win32.Build.0 = Debug.DLL|Win32
		{B234A15E-DCDD-47F7-A828-78297D772F43}.Debug.Lib|Win32.ActiveCfg = Debug.Lib|Win32
		{B234A15E-DCDD-47F7-A828-78297D772F43}.Debug.Lib|Win32.Build.0 = Debug.Lib|Win32
		{B234A15E-DCDD-47F7-A828-78297D772F43}.Release.DLL|Win32.ActiveCfg = Release.DLL|Win32
		{B234A15E-DCDD-47F7-A828-78297D772F43}.Release.DLL|Win32.Build.0 = Release.DLL|Win32
		{B234A15E-DCDD-47F7-A828-78297D772F43}.Release.Lib|Win32.ActiveCfg = Release.Lib|Win32
		{B234A15E-DCDD-47F7-A828-78297D772F43}.Release.Lib|Win32.Build.0 = Release.Lib|Win32
		{4FC6F9BD-7B7F-461B-AE85-DB38B10DDC91}.Debug.DLL|Win32.ActiveCfg = Debug|Win32
		{4FC6F9BD-7B7F-461B-AE85-DB38B10DDC91}.Debug.Lib|Win32.ActiveCfg = Debug|Win32
		{4FC6F9BD-7B7F-461B-AE85-DB38B10DDC91}.Debug.Lib|Win32.Build.0 = Debug|Win32
		{4FC6F9BD-7B7F-461B-AE85-DB38B10DDC91}.Release.DLL|Win32.ActiveCfg = Release|Win32
		{4FC6F9BD-7B7F-461B-AE85-DB38B10DDC91}.Release.Lib|Win32.ActiveCfg = Release|Win32
		{4FC6F9BD-7B7F-461B-AE85-DB38B10DDC91}.Release.Lib|Win32.Build.0 = Release|Win32
	EndGlobalSection
	GlobalSection(SolutionProperties) = preSolution
		HideSolutionNode = FALSE
	EndGlobalSection
EndGlobal
